
Microsoft Visual Studio Solution File, Format Version 12.00
# Visual Studio Version 17
VisualStudioVersion = 17.9.34723.18
MinimumVisualStudioVersion = 10.0.40219.1
Project("{8BC9CEB8-8B4A-11D0-8D11-00A0C91BC942}") = "Project1", "Project1\Project1.vcxproj", "{1C632F87-7307-4789-806B-46F4DEEB761C}"
EndProject
Global
	GlobalSection(SolutionConfigurationPlatforms) = preSolution
		Debug|ARM64 = Debug|ARM64
		Debug|x64 = Debug|x64
		Debug|x86 = Debug|x86
		Release|ARM64 = Release|ARM64
		Release|x64 = Release|x64
		Release|x86 = Release|x86
	EndGlobalSection
	GlobalSection(ProjectConfigurationPlatforms) = postSolution
		{1C632F87-7307-4789-806B-46F4DEEB761C}.Debug|ARM64.ActiveCfg = Debug|ARM64
		{1C632F87-7307-4789-806B-46F4DEEB761C}.Debug|ARM64.Build.0 = Debug|ARM64
		{1C632F87-7307-4789-806B-46F4DEEB761C}.Debug|x64.ActiveCfg = Debug|x64
		{1C632F87-7307-4789-806B-46F4DEEB761C}.Debug|x64.Build.0 = Debug|x64
		{1C632F87-7307-4789-806B-46F4DEEB761C}.Debug|x86.ActiveCfg = Debug|Win32
		{1C632F87-7307-4789-806B-46F4DEEB761C}.Debug|x86.Build.0 = Debug|Win32
		{1C632F87-7307-4789-806B-46F4DEEB761C}.Release|ARM64.ActiveCfg = Release|ARM64
		{1C632F87-7307-4789-806B-46F4DEEB761C}.Release|ARM64.Build.0 = Release|ARM64
		{1C632F87-7307-4789-806B-46F4DEEB761C}.Release|x64.ActiveCfg = Release|x64
		{1C632F87-7307-4789-806B-46F4DEEB761C}.Release|x64.Build.0 = Release|x64
		{1C632F87-7307-4789-806B-46F4DEEB761C}.Release|x86.ActiveCfg = Release|Win32
		{1C632F87-7307-4789-806B-46F4DEEB761C}.Release|x86.Build.0 = Release|Win32
	EndGlobalSection
	GlobalSection(SolutionProperties) = preSolution
		HideSolutionNode = FALSE
	EndGlobalSection
	GlobalSection(ExtensibilityGlobals) = postSolution
		SolutionGuid = {2A29DBC8-4413-4031-A468-B494BFAFF633}
	EndGlobalSection
EndGlobal
